
Microsoft Visual Studio Solution File, Format Version 12.00
# Visual Studio Version 16
VisualStudioVersion = 16.0.28922.388
MinimumVisualStudioVersion = 10.0.40219.1
Project("{FAE04EC0-301F-11D3-BF4B-00C04F79EFBC}") = "cadeias de caracteres", "cadeias de caracteres\cadeias de caracteres.csproj", "{5F4C8789-1F02-4415-940F-A41440A9708B}"
EndProject
Global
	GlobalSection(SolutionConfigurationPlatforms) = preSolution
		Debug|Any CPU = Debug|Any CPU
		Release|Any CPU = Release|Any CPU
	EndGlobalSection
	GlobalSection(ProjectConfigurationPlatforms) = postSolution
		{5F4C8789-1F02-4415-940F-A41440A9708B}.Debug|Any CPU.ActiveCfg = Debug|Any CPU
		{5F4C8789-1F02-4415-940F-A41440A9708B}.Debug|Any CPU.Build.0 = Debug|Any CPU
		{5F4C8789-1F02-4415-940F-A41440A9708B}.Release|Any CPU.ActiveCfg = Release|Any CPU
		{5F4C8789-1F02-4415-940F-A41440A9708B}.Release|Any CPU.Build.0 = Release|Any CPU
	EndGlobalSection
	GlobalSection(SolutionProperties) = preSolution
		HideSolutionNode = FALSE
	EndGlobalSection
	GlobalSection(ExtensibilityGlobals) = postSolution
		SolutionGuid = {CD08F8D4-8DC6-4ECA-8DDA-C5F29B974345}
	EndGlobalSection
EndGlobal
