
Microsoft Visual Studio Solution File, Format Version 12.00
# Visual Studio Version 16
VisualStudioVersion = 16.0.28922.388
MinimumVisualStudioVersion = 10.0.40219.1
Project("{FAE04EC0-301F-11D3-BF4B-00C04F79EFBC}") = "Cadeia de caracteres", "Cadeia de caracteres\Cadeia de caracteres.csproj", "{0E281C79-F5C5-4663-BDDC-01A974C8D977}"
EndProject
Global
	GlobalSection(SolutionConfigurationPlatforms) = preSolution
		Debug|Any CPU = Debug|Any CPU
		Release|Any CPU = Release|Any CPU
	EndGlobalSection
	GlobalSection(ProjectConfigurationPlatforms) = postSolution
		{0E281C79-F5C5-4663-BDDC-01A974C8D977}.Debug|Any CPU.ActiveCfg = Debug|Any CPU
		{0E281C79-F5C5-4663-BDDC-01A974C8D977}.Debug|Any CPU.Build.0 = Debug|Any CPU
		{0E281C79-F5C5-4663-BDDC-01A974C8D977}.Release|Any CPU.ActiveCfg = Release|Any CPU
		{0E281C79-F5C5-4663-BDDC-01A974C8D977}.Release|Any CPU.Build.0 = Release|Any CPU
	EndGlobalSection
	GlobalSection(SolutionProperties) = preSolution
		HideSolutionNode = FALSE
	EndGlobalSection
	GlobalSection(ExtensibilityGlobals) = postSolution
		SolutionGuid = {32A7599D-08BD-442C-B594-C7D898D44A8E}
	EndGlobalSection
EndGlobal
